
Microsoft Visual Studio Solution File, Format Version 11.00
# Visual Studio 2010
Project("{FAE04EC0-301F-11D3-BF4B-00C04F79EFBC}") = "IVI.C.NET.Adapter.Test", "IVI.C.NET.Adapter.Test\IVI.C.NET.Adapter.Test.csproj", "{E84FFD27-A24B-437B-A738-4BA2C994363E}"
EndProject
Project("{FAE04EC0-301F-11D3-BF4B-00C04F79EFBC}") = "IVI.C.NET.Adapter.ConfigUtility", "IVI.C.NET.Adapter.ConfigUtility\IVI.C.NET.Adapter.ConfigUtility.csproj", "{C3269A52-A820-4296-837C-365C21E0F1AE}"
EndProject
Project("{54435603-DBB4-11D2-8724-00A0C9A8B90C}") = "IVI.C.NET.Adapter.Setup", "IVI.C.NET.Adapter.Setup\IVI.C.NET.Adapter.Setup.vdproj", "{A603C92F-9840-4568-8281-4D80776CB26E}"
EndProject
Project("{FAE04EC0-301F-11D3-BF4B-00C04F79EFBC}") = "IVI.C.NET.Adapter", "IVI.C.NET.Adapter\IVI.C.NET.Adapter.csproj", "{E95C0FE2-1BCB-4CA4-9BE4-FDA9D5568881}"
EndProject
Global
	GlobalSection(SolutionConfigurationPlatforms) = preSolution
		Debug|Any CPU = Debug|Any CPU
		Debug|Mixed Platforms = Debug|Mixed Platforms
		Debug|x86 = Debug|x86
		Release|Any CPU = Release|Any CPU
		Release|Mixed Platforms = Release|Mixed Platforms
		Release|x86 = Release|x86
	EndGlobalSection
	GlobalSection(ProjectConfigurationPlatforms) = postSolution
		{E84FFD27-A24B-437B-A738-4BA2C994363E}.Debug|Any CPU.ActiveCfg = Debug|x86
		{E84FFD27-A24B-437B-A738-4BA2C994363E}.Debug|Mixed Platforms.ActiveCfg = Debug|x86
		{E84FFD27-A24B-437B-A738-4BA2C994363E}.Debug|Mixed Platforms.Build.0 = Debug|x86
		{E84FFD27-A24B-437B-A738-4BA2C994363E}.Debug|x86.ActiveCfg = Debug|x86
		{E84FFD27-A24B-437B-A738-4BA2C994363E}.Debug|x86.Build.0 = Debug|x86
		{E84FFD27-A24B-437B-A738-4BA2C994363E}.Release|Any CPU.ActiveCfg = Release|x86
		{E84FFD27-A24B-437B-A738-4BA2C994363E}.Release|Mixed Platforms.ActiveCfg = Release|x86
		{E84FFD27-A24B-437B-A738-4BA2C994363E}.Release|Mixed Platforms.Build.0 = Release|x86
		{E84FFD27-A24B-437B-A738-4BA2C994363E}.Release|x86.ActiveCfg = Release|x86
		{E84FFD27-A24B-437B-A738-4BA2C994363E}.Release|x86.Build.0 = Release|x86
		{C3269A52-A820-4296-837C-365C21E0F1AE}.Debug|Any CPU.ActiveCfg = Debug|x86
		{C3269A52-A820-4296-837C-365C21E0F1AE}.Debug|Mixed Platforms.ActiveCfg = Debug|x86
		{C3269A52-A820-4296-837C-365C21E0F1AE}.Debug|Mixed Platforms.Build.0 = Debug|x86
		{C3269A52-A820-4296-837C-365C21E0F1AE}.Debug|x86.ActiveCfg = Debug|x86
		{C3269A52-A820-4296-837C-365C21E0F1AE}.Debug|x86.Build.0 = Debug|x86
		{C3269A52-A820-4296-837C-365C21E0F1AE}.Release|Any CPU.ActiveCfg = Release|x86
		{C3269A52-A820-4296-837C-365C21E0F1AE}.Release|Mixed Platforms.ActiveCfg = Release|x86
		{C3269A52-A820-4296-837C-365C21E0F1AE}.Release|Mixed Platforms.Build.0 = Release|x86
		{C3269A52-A820-4296-837C-365C21E0F1AE}.Release|x86.ActiveCfg = Release|x86
		{C3269A52-A820-4296-837C-365C21E0F1AE}.Release|x86.Build.0 = Release|x86
		{A603C92F-9840-4568-8281-4D80776CB26E}.Debug|Any CPU.ActiveCfg = Debug
		{A603C92F-9840-4568-8281-4D80776CB26E}.Debug|Mixed Platforms.ActiveCfg = Debug
		{A603C92F-9840-4568-8281-4D80776CB26E}.Debug|x86.ActiveCfg = Debug
		{A603C92F-9840-4568-8281-4D80776CB26E}.Release|Any CPU.ActiveCfg = Release
		{A603C92F-9840-4568-8281-4D80776CB26E}.Release|Mixed Platforms.ActiveCfg = Release
		{A603C92F-9840-4568-8281-4D80776CB26E}.Release|x86.ActiveCfg = Release
		{E95C0FE2-1BCB-4CA4-9BE4-FDA9D5568881}.Debug|Any CPU.ActiveCfg = Debug|x86
		{E95C0FE2-1BCB-4CA4-9BE4-FDA9D5568881}.Debug|Mixed Platforms.ActiveCfg = Debug|x86
		{E95C0FE2-1BCB-4CA4-9BE4-FDA9D5568881}.Debug|Mixed Platforms.Build.0 = Debug|x86
		{E95C0FE2-1BCB-4CA4-9BE4-FDA9D5568881}.Debug|x86.ActiveCfg = Debug|x86
		{E95C0FE2-1BCB-4CA4-9BE4-FDA9D5568881}.Debug|x86.Build.0 = Debug|x86
		{E95C0FE2-1BCB-4CA4-9BE4-FDA9D5568881}.Release|Any CPU.ActiveCfg = Release|x86
		{E95C0FE2-1BCB-4CA4-9BE4-FDA9D5568881}.Release|Mixed Platforms.ActiveCfg = Release|x86
		{E95C0FE2-1BCB-4CA4-9BE4-FDA9D5568881}.Release|Mixed Platforms.Build.0 = Release|x86
		{E95C0FE2-1BCB-4CA4-9BE4-FDA9D5568881}.Release|x86.ActiveCfg = Release|x86
		{E95C0FE2-1BCB-4CA4-9BE4-FDA9D5568881}.Release|x86.Build.0 = Release|x86
	EndGlobalSection
	GlobalSection(SolutionProperties) = preSolution
		HideSolutionNode = FALSE
	EndGlobalSection
EndGlobal
